
Microsoft Visual Studio Solution File, Format Version 12.00
# Visual Studio Version 17
VisualStudioVersion = 17.2.32616.157
MinimumVisualStudioVersion = 10.0.40219.1
Project("{FAE04EC0-301F-11D3-BF4B-00C04F79EFBC}") = "EXPERIENCIA 3", "EXPERIENCIA 3\EXPERIENCIA 3.csproj", "{7D2F88D2-0D31-401D-BC12-25719CC4B0C0}"
EndProject
Global
	GlobalSection(SolutionConfigurationPlatforms) = preSolution
		Debug|Any CPU = Debug|Any CPU
		Release|Any CPU = Release|Any CPU
	EndGlobalSection
	GlobalSection(ProjectConfigurationPlatforms) = postSolution
		{7D2F88D2-0D31-401D-BC12-25719CC4B0C0}.Debug|Any CPU.ActiveCfg = Debug|Any CPU
		{7D2F88D2-0D31-401D-BC12-25719CC4B0C0}.Debug|Any CPU.Build.0 = Debug|Any CPU
		{7D2F88D2-0D31-401D-BC12-25719CC4B0C0}.Release|Any CPU.ActiveCfg = Release|Any CPU
		{7D2F88D2-0D31-401D-BC12-25719CC4B0C0}.Release|Any CPU.Build.0 = Release|Any CPU
	EndGlobalSection
	GlobalSection(SolutionProperties) = preSolution
		HideSolutionNode = FALSE
	EndGlobalSection
	GlobalSection(ExtensibilityGlobals) = postSolution
		SolutionGuid = {734394C0-011C-4806-972F-35ABB4D75BAF}
	EndGlobalSection
EndGlobal
